
Microsoft Visual Studio Solution File, Format Version 12.00
# Visual Studio Version 17
VisualStudioVersion = 17.0.32014.148
MinimumVisualStudioVersion = 10.0.40219.1
Project("{FAE04EC0-301F-11D3-BF4B-00C04F79EFBC}") = "ClientSocket", "ClientSocket\ClientSocket.csproj", "{3A007B1A-CC5E-45EA-BAC1-035580F681DF}"
EndProject
Global
	GlobalSection(SolutionConfigurationPlatforms) = preSolution
		Debug|Any CPU = Debug|Any CPU
		Release|Any CPU = Release|Any CPU
	EndGlobalSection
	GlobalSection(ProjectConfigurationPlatforms) = postSolution
		{3A007B1A-CC5E-45EA-BAC1-035580F681DF}.Debug|Any CPU.ActiveCfg = Debug|Any CPU
		{3A007B1A-CC5E-45EA-BAC1-035580F681DF}.Debug|Any CPU.Build.0 = Debug|Any CPU
		{3A007B1A-CC5E-45EA-BAC1-035580F681DF}.Release|Any CPU.ActiveCfg = Release|Any CPU
		{3A007B1A-CC5E-45EA-BAC1-035580F681DF}.Release|Any CPU.Build.0 = Release|Any CPU
	EndGlobalSection
	GlobalSection(SolutionProperties) = preSolution
		HideSolutionNode = FALSE
	EndGlobalSection
	GlobalSection(ExtensibilityGlobals) = postSolution
		SolutionGuid = {3E0B6217-5825-49C8-9E82-4F1B93506A6A}
	EndGlobalSection
EndGlobal
