
Microsoft Visual Studio Solution File, Format Version 12.00
# Visual Studio Version 17
VisualStudioVersion = 17.0.32014.148
MinimumVisualStudioVersion = 10.0.40219.1
Project("{FAE04EC0-301F-11D3-BF4B-00C04F79EFBC}") = "ThreadLogic", "ThreadLogic\ThreadLogic.csproj", "{BFD34253-FE81-4194-BD41-E97E60977599}"
EndProject
Global
	GlobalSection(SolutionConfigurationPlatforms) = preSolution
		Debug|Any CPU = Debug|Any CPU
		Release|Any CPU = Release|Any CPU
	EndGlobalSection
	GlobalSection(ProjectConfigurationPlatforms) = postSolution
		{BFD34253-FE81-4194-BD41-E97E60977599}.Debug|Any CPU.ActiveCfg = Debug|Any CPU
		{BFD34253-FE81-4194-BD41-E97E60977599}.Debug|Any CPU.Build.0 = Debug|Any CPU
		{BFD34253-FE81-4194-BD41-E97E60977599}.Release|Any CPU.ActiveCfg = Release|Any CPU
		{BFD34253-FE81-4194-BD41-E97E60977599}.Release|Any CPU.Build.0 = Release|Any CPU
	EndGlobalSection
	GlobalSection(SolutionProperties) = preSolution
		HideSolutionNode = FALSE
	EndGlobalSection
	GlobalSection(ExtensibilityGlobals) = postSolution
		SolutionGuid = {121A4B8C-CEEB-4DA5-8526-38D857F44D4D}
	EndGlobalSection
EndGlobal
