
Microsoft Visual Studio Solution File, Format Version 12.00
# Visual Studio Version 17
VisualStudioVersion = 17.0.32014.148
MinimumVisualStudioVersion = 10.0.40219.1
Project("{FAE04EC0-301F-11D3-BF4B-00C04F79EFBC}") = "Thread_practice_01", "Thread_practice_01\Thread_practice_01.csproj", "{D98F9E15-A82C-43DF-92C4-43BC22D06456}"
EndProject
Global
	GlobalSection(SolutionConfigurationPlatforms) = preSolution
		Debug|Any CPU = Debug|Any CPU
		Release|Any CPU = Release|Any CPU
	EndGlobalSection
	GlobalSection(ProjectConfigurationPlatforms) = postSolution
		{D98F9E15-A82C-43DF-92C4-43BC22D06456}.Debug|Any CPU.ActiveCfg = Debug|Any CPU
		{D98F9E15-A82C-43DF-92C4-43BC22D06456}.Debug|Any CPU.Build.0 = Debug|Any CPU
		{D98F9E15-A82C-43DF-92C4-43BC22D06456}.Release|Any CPU.ActiveCfg = Release|Any CPU
		{D98F9E15-A82C-43DF-92C4-43BC22D06456}.Release|Any CPU.Build.0 = Release|Any CPU
	EndGlobalSection
	GlobalSection(SolutionProperties) = preSolution
		HideSolutionNode = FALSE
	EndGlobalSection
	GlobalSection(ExtensibilityGlobals) = postSolution
		SolutionGuid = {A41B3998-3FAE-40EF-A788-E1FC7CC1784F}
	EndGlobalSection
EndGlobal
